
Microsoft Visual Studio Solution File, Format Version 12.00
# Visual Studio 15
VisualStudioVersion = 15.0.28307.329
MinimumVisualStudioVersion = 10.0.40219.1
Project("{8BC9CEB8-8B4A-11D0-8D11-00A0C91BC942}") = "bemon_question_19", "bemon_question_19.vcxproj", "{A44DD610-7552-4564-B669-29CA08065883}"
EndProject
Global
	GlobalSection(SolutionConfigurationPlatforms) = preSolution
		Debug|x64 = Debug|x64
		Debug|x86 = Debug|x86
		Release|x64 = Release|x64
		Release|x86 = Release|x86
	EndGlobalSection
	GlobalSection(ProjectConfigurationPlatforms) = postSolution
		{A44DD610-7552-4564-B669-29CA08065883}.Debug|x64.ActiveCfg = Debug|x64
		{A44DD610-7552-4564-B669-29CA08065883}.Debug|x64.Build.0 = Debug|x64
		{A44DD610-7552-4564-B669-29CA08065883}.Debug|x86.ActiveCfg = Debug|Win32
		{A44DD610-7552-4564-B669-29CA08065883}.Debug|x86.Build.0 = Debug|Win32
		{A44DD610-7552-4564-B669-29CA08065883}.Release|x64.ActiveCfg = Release|x64
		{A44DD610-7552-4564-B669-29CA08065883}.Release|x64.Build.0 = Release|x64
		{A44DD610-7552-4564-B669-29CA08065883}.Release|x86.ActiveCfg = Release|Win32
		{A44DD610-7552-4564-B669-29CA08065883}.Release|x86.Build.0 = Release|Win32
	EndGlobalSection
	GlobalSection(SolutionProperties) = preSolution
		HideSolutionNode = FALSE
	EndGlobalSection
	GlobalSection(ExtensibilityGlobals) = postSolution
		SolutionGuid = {4B7A28A7-EAA8-41DE-8DF7-4EA8971F3B6C}
	EndGlobalSection
EndGlobal
