
Microsoft Visual Studio Solution File, Format Version 12.00
# Visual Studio 15
VisualStudioVersion = 15.0.28307.329
MinimumVisualStudioVersion = 10.0.40219.1
Project("{8BC9CEB8-8B4A-11D0-8D11-00A0C91BC942}") = "bemon_question_9", "bemon_question_9.vcxproj", "{752B6D20-FE20-4E37-9B68-CD54C9B73524}"
EndProject
Global
	GlobalSection(SolutionConfigurationPlatforms) = preSolution
		Debug|x64 = Debug|x64
		Debug|x86 = Debug|x86
		Release|x64 = Release|x64
		Release|x86 = Release|x86
	EndGlobalSection
	GlobalSection(ProjectConfigurationPlatforms) = postSolution
		{752B6D20-FE20-4E37-9B68-CD54C9B73524}.Debug|x64.ActiveCfg = Debug|x64
		{752B6D20-FE20-4E37-9B68-CD54C9B73524}.Debug|x64.Build.0 = Debug|x64
		{752B6D20-FE20-4E37-9B68-CD54C9B73524}.Debug|x86.ActiveCfg = Debug|Win32
		{752B6D20-FE20-4E37-9B68-CD54C9B73524}.Debug|x86.Build.0 = Debug|Win32
		{752B6D20-FE20-4E37-9B68-CD54C9B73524}.Release|x64.ActiveCfg = Release|x64
		{752B6D20-FE20-4E37-9B68-CD54C9B73524}.Release|x64.Build.0 = Release|x64
		{752B6D20-FE20-4E37-9B68-CD54C9B73524}.Release|x86.ActiveCfg = Release|Win32
		{752B6D20-FE20-4E37-9B68-CD54C9B73524}.Release|x86.Build.0 = Release|Win32
	EndGlobalSection
	GlobalSection(SolutionProperties) = preSolution
		HideSolutionNode = FALSE
	EndGlobalSection
	GlobalSection(ExtensibilityGlobals) = postSolution
		SolutionGuid = {A6608C77-C1CC-4762-838B-771953B5AC41}
	EndGlobalSection
EndGlobal
